
Microsoft Visual Studio Solution File, Format Version 12.00
# Visual Studio 15
VisualStudioVersion = 15.0.26430.14
MinimumVisualStudioVersion = 10.0.40219.1
Project("{8BC9CEB8-8B4A-11D0-8D11-00A0C91BC942}") = "Maya3D_viewer", "Maya3D_viewer.vcxproj", "{30BEE126-8B04-4F96-84A1-30CBF8B3E491}"
EndProject
Project("{8BC9CEB8-8B4A-11D0-8D11-00A0C91BC942}") = "MayaViewerPlugin", "..\MayaViewerPlugin\MayaViewerPlugin.vcxproj", "{B6B3BA11-AC90-4A51-B0F4-5E53C0C0828C}"
EndProject
Global
	GlobalSection(SolutionConfigurationPlatforms) = preSolution
		Debug|x64 = Debug|x64
		Debug|x86 = Debug|x86
		DebugMem|x64 = DebugMem|x64
		DebugMem|x86 = DebugMem|x86
		Release|x64 = Release|x64
		Release|x86 = Release|x86
	EndGlobalSection
	GlobalSection(ProjectConfigurationPlatforms) = postSolution
		{30BEE126-8B04-4F96-84A1-30CBF8B3E491}.Debug|x64.ActiveCfg = Debug|x64
		{30BEE126-8B04-4F96-84A1-30CBF8B3E491}.Debug|x64.Build.0 = Debug|x64
		{30BEE126-8B04-4F96-84A1-30CBF8B3E491}.Debug|x86.ActiveCfg = Debug|x64
		{30BEE126-8B04-4F96-84A1-30CBF8B3E491}.DebugMem|x64.ActiveCfg = DebugMem|x64
		{30BEE126-8B04-4F96-84A1-30CBF8B3E491}.DebugMem|x64.Build.0 = DebugMem|x64
		{30BEE126-8B04-4F96-84A1-30CBF8B3E491}.DebugMem|x86.ActiveCfg = DebugMem|x64
		{30BEE126-8B04-4F96-84A1-30CBF8B3E491}.Release|x64.ActiveCfg = Release|x64
		{30BEE126-8B04-4F96-84A1-30CBF8B3E491}.Release|x64.Build.0 = Release|x64
		{30BEE126-8B04-4F96-84A1-30CBF8B3E491}.Release|x86.ActiveCfg = Release|x64
		{B6B3BA11-AC90-4A51-B0F4-5E53C0C0828C}.Debug|x64.ActiveCfg = Debug|x64
		{B6B3BA11-AC90-4A51-B0F4-5E53C0C0828C}.Debug|x64.Build.0 = Debug|x64
		{B6B3BA11-AC90-4A51-B0F4-5E53C0C0828C}.Debug|x86.ActiveCfg = Debug|Win32
		{B6B3BA11-AC90-4A51-B0F4-5E53C0C0828C}.Debug|x86.Build.0 = Debug|Win32
		{B6B3BA11-AC90-4A51-B0F4-5E53C0C0828C}.DebugMem|x64.ActiveCfg = Debug|x64
		{B6B3BA11-AC90-4A51-B0F4-5E53C0C0828C}.DebugMem|x64.Build.0 = Debug|x64
		{B6B3BA11-AC90-4A51-B0F4-5E53C0C0828C}.DebugMem|x86.ActiveCfg = Debug|Win32
		{B6B3BA11-AC90-4A51-B0F4-5E53C0C0828C}.DebugMem|x86.Build.0 = Debug|Win32
		{B6B3BA11-AC90-4A51-B0F4-5E53C0C0828C}.Release|x64.ActiveCfg = Release|x64
		{B6B3BA11-AC90-4A51-B0F4-5E53C0C0828C}.Release|x64.Build.0 = Release|x64
		{B6B3BA11-AC90-4A51-B0F4-5E53C0C0828C}.Release|x86.ActiveCfg = Release|Win32
		{B6B3BA11-AC90-4A51-B0F4-5E53C0C0828C}.Release|x86.Build.0 = Release|Win32
	EndGlobalSection
	GlobalSection(SolutionProperties) = preSolution
		HideSolutionNode = FALSE
	EndGlobalSection
EndGlobal
